// !$*UTF8*$!
{
	archiveVersion = 1;
	classes = {
	};
	objectVersion = 46;
	objects = {

/* Begin PBXBuildFile section */
		3F54E9961EAE880B005E12D5 /* AppDelegate.swift in Sources */ = {isa = PBXBuildFile; fileRef = 3F54E9951EAE880B005E12D5 /* AppDelegate.swift */; };
		3F54E9981EAE880B005E12D5 /* ViewController.swift in Sources */ = {isa = PBXBuildFile; fileRef = 3F54E9971EAE880B005E12D5 /* ViewController.swift */; };
		3F54E99B1EAE880B005E12D5 /* Main.storyboard in Resources */ = {isa = PBXBuildFile; fileRef = 3F54E9991EAE880B005E12D5 /* Main.storyboard */; };
		3F54E99D1EAE880B005E12D5 /* Assets.xcassets in Resources */ = {isa = PBXBuildFile; fileRef = 3F54E99C1EAE880B005E12D5 /* Assets.xcassets */; };
		3F54E9A01EAE880B005E12D5 /* LaunchScreen.storyboard in Resources */ = {isa = PBXBuildFile; fileRef = 3F54E99E1EAE880B005E12D5 /* LaunchScreen.storyboard */; };
		3F54E9AB1EAE880B005E12D5 /* Hello_WorldTests.swift in Sources */ = {isa = PBXBuildFile; fileRef = 3F54E9AA1EAE880B005E12D5 /* Hello_WorldTests.swift */; };
		3F54E9B61EAE880B005E12D5 /* Hello_WorldUITests.swift in Sources */ = {isa = PBXBuildFile; fileRef = 3F54E9B51EAE880B005E12D5 /* Hello_WorldUITests.swift */; };
		AC8FC4711EB284EA00F61BA9 /* button2.png in Resources */ = {isa = PBXBuildFile; fileRef = AC8FC4701EB284EA00F61BA9 /* button2.png */; };
		AC8FC4731EB284FE00F61BA9 /* 3d-push-button.jpg in Resources */ = {isa = PBXBuildFile; fileRef = AC8FC4721EB284FE00F61BA9 /* 3d-push-button.jpg */; };
		AC8FC4751EB2858600F61BA9 /* Red_button.png in Resources */ = {isa = PBXBuildFile; fileRef = AC8FC4741EB2858600F61BA9 /* Red_button.png */; };
/* End PBXBuildFile section */

/* Begin PBXContainerItemProxy section */
		3F54E9A71EAE880B005E12D5 /* PBXContainerItemProxy */ = {
			isa = PBXContainerItemProxy;
			containerPortal = 3F54E98A1EAE880B005E12D5 /* Project object */;
			proxyType = 1;
			remoteGlobalIDString = 3F54E9911EAE880B005E12D5;
			remoteInfo = "Hello World";
		};
		3F54E9B21EAE880B005E12D5 /* PBXContainerItemProxy */ = {
			isa = PBXContainerItemProxy;
			containerPortal = 3F54E98A1EAE880B005E12D5 /* Project object */;
			proxyType = 1;
			remoteGlobalIDString = 3F54E9911EAE880B005E12D5;
			remoteInfo = "Hello World";
		};
/* End PBXContainerItemProxy section */

/* Begin PBXFileReference section */
		3F54E9921EAE880B005E12D5 /* Hello World.app */ = {isa = PBXFileReference; explicitFileType = wrapper.application; includeInIndex = 0; path = "Hello World.app"; sourceTree = BUILT_PRODUCTS_DIR; };
		3F54E9951EAE880B005E12D5 /* AppDelegate.swift */ = {isa = PBXFileReference; lastKnownFileType = sourcecode.swift; path = AppDelegate.swift; sourceTree = "<group>"; };
		3F54E9971EAE880B005E12D5 /* ViewController.swift */ = {isa = PBXFileReference; lastKnownFileType = sourcecode.swift; path = ViewController.swift; sourceTree = "<group>"; };
		3F54E99A1EAE880B005E12D5 /* Base */ = {isa = PBXFileReference; lastKnownFileType = file.storyboard; name = Base; path = Base.lproj/Main.storyboard; sourceTree = "<group>"; };
		3F54E99C1EAE880B005E12D5 /* Assets.xcassets */ = {isa = PBXFileReference; lastKnownFileType = folder.assetcatalog; path = Assets.xcassets; sourceTree = "<group>"; };
		3F54E99F1EAE880B005E12D5 /* Base */ = {isa = PBXFileReference; lastKnownFileType = file.storyboard; name = Base; path = Base.lproj/LaunchScreen.storyboard; sourceTree = "<group>"; };
		3F54E9A11EAE880B005E12D5 /* Info.plist */ = {isa = PBXFileReference; lastKnownFileType = text.plist.xml; path = Info.plist; sourceTree = "<group>"; };
		3F54E9A61EAE880B005E12D5 /* Hello WorldTests.xctest */ = {isa = PBXFileReference; explicitFileType = wrapper.cfbundle; includeInIndex = 0; path = "Hello WorldTests.xctest"; sourceTree = BUILT_PRODUCTS_DIR; };
		3F54E9AA1EAE880B005E12D5 /* Hello_WorldTests.swift */ = {isa = PBXFileReference; lastKnownFileType = sourcecode.swift; path = Hello_WorldTests.swift; sourceTree = "<group>"; };
		3F54E9AC1EAE880B005E12D5 /* Info.plist */ = {isa = PBXFileReference; lastKnownFileType = text.plist.xml; path = Info.plist; sourceTree = "<group>"; };
		3F54E9B11EAE880B005E12D5 /* Hello WorldUITests.xctest */ = {isa = PBXFileReference; explicitFileType = wrapper.cfbundle; includeInIndex = 0; path = "Hello WorldUITests.xctest"; sourceTree = BUILT_PRODUCTS_DIR; };
		3F54E9B51EAE880B005E12D5 /* Hello_WorldUITests.swift */ = {isa = PBXFileReference; lastKnownFileType = sourcecode.swift; path = Hello_WorldUITests.swift; sourceTree = "<group>"; };
		3F54E9B71EAE880B005E12D5 /* Info.plist */ = {isa = PBXFileReference; lastKnownFileType = text.plist.xml; path = Info.plist; sourceTree = "<group>"; };
		AC8FC4701EB284EA00F61BA9 /* button2.png */ = {isa = PBXFileReference; lastKnownFileType = image.png; name = button2.png; path = ../../../../Downloads/button2.png; sourceTree = "<group>"; };
		AC8FC4721EB284FE00F61BA9 /* 3d-push-button.jpg */ = {isa = PBXFileReference; lastKnownFileType = image.jpeg; name = "3d-push-button.jpg"; path = "../../../../Downloads/3d-push-button.jpg"; sourceTree = "<group>"; };
		AC8FC4741EB2858600F61BA9 /* Red_button.png */ = {isa = PBXFileReference; lastKnownFileType = image.png; name = Red_button.png; path = ../../../../Downloads/Red_button.png; sourceTree = "<group>"; };
/* End PBXFileReference section */

/* Begin PBXFrameworksBuildPhase section */
		3F54E98F1EAE880B005E12D5 /* Frameworks */ = {
			isa = PBXFrameworksBuildPhase;
			buildActionMask = 2147483647;
			files = (
			);
			runOnlyForDeploymentPostprocessing = 0;
		};
		3F54E9A31EAE880B005E12D5 /* Frameworks */ = {
			isa = PBXFrameworksBuildPhase;
			buildActionMask = 2147483647;
			files = (
			);
			runOnlyForDeploymentPostprocessing = 0;
		};
		3F54E9AE1EAE880B005E12D5 /* Frameworks */ = {
			isa = PBXFrameworksBuildPhase;
			buildActionMask = 2147483647;
			files = (
			);
			runOnlyForDeploymentPostprocessing = 0;
		};
/* End PBXFrameworksBuildPhase section */

/* Begin PBXGroup section */
		3F54E9891EAE880B005E12D5 = {
			isa = PBXGroup;
			children = (
				3F54E9941EAE880B005E12D5 /* Hello World */,
				3F54E9A91EAE880B005E12D5 /* Hello WorldTests */,
				3F54E9B41EAE880B005E12D5 /* Hello WorldUITests */,
				3F54E9931EAE880B005E12D5 /* Products */,
			);
			sourceTree = "<group>";
		};
		3F54E9931EAE880B005E12D5 /* Products */ = {
			isa = PBXGroup;
			children = (
				3F54E9921EAE880B005E12D5 /* Hello World.app */,
				3F54E9A61EAE880B005E12D5 /* Hello WorldTests.xctest */,
				3F54E9B11EAE880B005E12D5 /* Hello WorldUITests.xctest */,
			);
			name = Products;
			sourceTree = "<group>";
		};
		3F54E9941EAE880B005E12D5 /* Hello World */ = {
			isa = PBXGroup;
			children = (
				3F54E9951EAE880B005E12D5 /* AppDelegate.swift */,
				3F54E9971EAE880B005E12D5 /* ViewController.swift */,
				3F54E9991EAE880B005E12D5 /* Main.storyboard */,
				AC8FC4741EB2858600F61BA9 /* Red_button.png */,
				AC8FC4721EB284FE00F61BA9 /* 3d-push-button.jpg */,
				AC8FC4701EB284EA00F61BA9 /* button2.png */,
				3F54E99C1EAE880B005E12D5 /* Assets.xcassets */,
				3F54E99E1EAE880B005E12D5 /* LaunchScreen.storyboard */,
				3F54E9A11EAE880B005E12D5 /* Info.plist */,
			);
			path = "Hello World";
			sourceTree = "<group>";
		};
		3F54E9A91EAE880B005E12D5 /* Hello WorldTests */ = {
			isa = PBXGroup;
			children = (
				3F54E9AA1EAE880B005E12D5 /* Hello_WorldTests.swift */,
				3F54E9AC1EAE880B005E12D5 /* Info.plist */,
			);
			path = "Hello WorldTests";
			sourceTree = "<group>";
		};
		3F54E9B41EAE880B005E12D5 /* Hello WorldUITests */ = {
			isa = PBXGroup;
			children = (
				3F54E9B51EAE880B005E12D5 /* Hello_WorldUITests.swift */,
				3F54E9B71EAE880B005E12D5 /* Info.plist */,
			);
			path = "Hello WorldUITests";
			sourceTree = "<group>";
		};
/* End PBXGroup section */

/* Begin PBXNativeTarget section */
		3F54E9911EAE880B005E12D5 /* Hello World */ = {
			isa = PBXNativeTarget;
			buildConfigurationList = 3F54E9BA1EAE880B005E12D5 /* Build configuration list for PBXNativeTarget "Hello World" */;
			buildPhases = (
				3F54E98E1EAE880B005E12D5 /* Sources */,
				3F54E98F1EAE880B005E12D5 /* Frameworks */,
				3F54E9901EAE880B005E12D5 /* Resources */,
			);
			buildRules = (
			);
			dependencies = (
			);
			name = "Hello World";
			productName = "Hello World";
			productReference = 3F54E9921EAE880B005E12D5 /* Hello World.app */;
			productType = "com.apple.product-type.application";
		};
		3F54E9A51EAE880B005E12D5 /* Hello WorldTests */ = {
			isa = PBXNativeTarget;
			buildConfigurationList = 3F54E9BD1EAE880B005E12D5 /* Build configuration list for PBXNativeTarget "Hello WorldTests" */;
			buildPhases = (
				3F54E9A21EAE880B005E12D5 /* Sources */,
				3F54E9A31EAE880B005E12D5 /* Frameworks */,
				3F54E9A41EAE880B005E12D5 /* Resources */,
			);
			buildRules = (
			);
			dependencies = (
				3F54E9A81EAE880B005E12D5 /* PBXTargetDependency */,
			);
			name = "Hello WorldTests";
			productName = "Hello WorldTests";
			productReference = 3F54E9A61EAE880B005E12D5 /* Hello WorldTests.xctest */;
			productType = "com.apple.product-type.bundle.unit-test";
		};
		3F54E9B01EAE880B005E12D5 /* Hello WorldUITests */ = {
			isa = PBXNativeTarget;
			buildConfigurationList = 3F54E9C01EAE880B005E12D5 /* Build configuration list for PBXNativeTarget "Hello WorldUITests" */;
			buildPhases = (
				3F54E9AD1EAE880B005E12D5 /* Sources */,
				3F54E9AE1EAE880B005E12D5 /* Frameworks */,
				3F54E9AF1EAE880B005E12D5 /* Resources */,
			);
			buildRules = (
			);
			dependencies = (
				3F54E9B31EAE880B005E12D5 /* PBXTargetDependency */,
			);
			name = "Hello WorldUITests";
			productName = "Hello WorldUITests";
			productReference = 3F54E9B11EAE880B005E12D5 /* Hello WorldUITests.xctest */;
			productType = "com.apple.product-type.bundle.ui-testing";
		};
/* End PBXNativeTarget section */

/* Begin PBXProject section */
		3F54E98A1EAE880B005E12D5 /* Project object */ = {
			isa = PBXProject;
			attributes = {
				LastSwiftUpdateCheck = 0830;
				LastUpgradeCheck = 0830;
				ORGANIZATIONNAME = Sam;
				TargetAttributes = {
					3F54E9911EAE880B005E12D5 = {
						CreatedOnToolsVersion = 8.3.2;
						ProvisioningStyle = Automatic;
					};
					3F54E9A51EAE880B005E12D5 = {
						CreatedOnToolsVersion = 8.3.2;
						ProvisioningStyle = Automatic;
						TestTargetID = 3F54E9911EAE880B005E12D5;
					};
					3F54E9B01EAE880B005E12D5 = {
						CreatedOnToolsVersion = 8.3.2;
						ProvisioningStyle = Automatic;
						TestTargetID = 3F54E9911EAE880B005E12D5;
					};
				};
			};
			buildConfigurationList = 3F54E98D1EAE880B005E12D5 /* Build configuration list for PBXProject "Hello World" */;
			compatibilityVersion = "Xcode 3.2";
			developmentRegion = English;
			hasScannedForEncodings = 0;
			knownRegions = (
				en,
				Base,
			);
			mainGroup = 3F54E9891EAE880B005E12D5;
			productRefGroup = 3F54E9931EAE880B005E12D5 /* Products */;
			projectDirPath = "";
			projectRoot = "";
			targets = (
				3F54E9911EAE880B005E12D5 /* Hello World */,
				3F54E9A51EAE880B005E12D5 /* Hello WorldTests */,
				3F54E9B01EAE880B005E12D5 /* Hello WorldUITests */,
			);
		};
/* End PBXProject section */

/* Begin PBXResourcesBuildPhase section */
		3F54E9901EAE880B005E12D5 /* Resources */ = {
			isa = PBXResourcesBuildPhase;
			buildActionMask = 2147483647;
			files = (
				AC8FC4711EB284EA00F61BA9 /* button2.png in Resources */,
				3F54E9A01EAE880B005E12D5 /* LaunchScreen.storyboard in Resources */,
				3F54E99D1EAE880B005E12D5 /* Assets.xcassets in Resources */,
				AC8FC4751EB2858600F61BA9 /* Red_button.png in Resources */,
				3F54E99B1EAE880B005E12D5 /* Main.storyboard in Resources */,
				AC8FC4731EB284FE00F61BA9 /* 3d-push-button.jpg in Resources */,
			);
			runOnlyForDeploymentPostprocessing = 0;
		};
		3F54E9A41EAE880B005E12D5 /* Resources */ = {
			isa = PBXResourcesBuildPhase;
			buildActionMask = 2147483647;
			files = (
			);
			runOnlyForDeploymentPostprocessing = 0;
		};
		3F54E9AF1EAE880B005E12D5 /* Resources */ = {
			isa = PBXResourcesBuildPhase;
			buildActionMask = 2147483647;
			files = (
			);
			runOnlyForDeploymentPostprocessing = 0;
		};
/* End PBXResourcesBuildPhase section */

/* Begin PBXSourcesBuildPhase section */
		3F54E98E1EAE880B005E12D5 /* Sources */ = {
			isa = PBXSourcesBuildPhase;
			buildActionMask = 2147483647;
			files = (
				3F54E9981EAE880B005E12D5 /* ViewController.swift in Sources */,
				3F54E9961EAE880B005E12D5 /* AppDelegate.swift in Sources */,
			);
			runOnlyForDeploymentPostprocessing = 0;
		};
		3F54E9A21EAE880B005E12D5 /* Sources */ = {
			isa = PBXSourcesBuildPhase;
			buildActionMask = 2147483647;
			files = (
				3F54E9AB1EAE880B005E12D5 /* Hello_WorldTests.swift in Sources */,
			);
			runOnlyForDeploymentPostprocessing = 0;
		};
		3F54E9AD1EAE880B005E12D5 /* Sources */ = {
			isa = PBXSourcesBuildPhase;
			buildActionMask = 2147483647;
			files = (
				3F54E9B61EAE880B005E12D5 /* Hello_WorldUITests.swift in Sources */,
			);
			runOnlyForDeploymentPostprocessing = 0;
		};
/* End PBXSourcesBuildPhase section */

/* Begin PBXTargetDependency section */
		3F54E9A81EAE880B005E12D5 /* PBXTargetDependency */ = {
			isa = PBXTargetDependency;
			target = 3F54E9911EAE880B005E12D5 /* Hello World */;
			targetProxy = 3F54E9A71EAE880B005E12D5 /* PBXContainerItemProxy */;
		};
		3F54E9B31EAE880B005E12D5 /* PBXTargetDependency */ = {
			isa = PBXTargetDependency;
			target = 3F54E9911EAE880B005E12D5 /* Hello World */;
			targetProxy = 3F54E9B21EAE880B005E12D5 /* PBXContainerItemProxy */;
		};
/* End PBXTargetDependency section */

/* Begin PBXVariantGroup section */
		3F54E9991EAE880B005E12D5 /* Main.storyboard */ = {
			isa = PBXVariantGroup;
			children = (
				3F54E99A1EAE880B005E12D5 /* Base */,
			);
			name = Main.storyboard;
			sourceTree = "<group>";
		};
		3F54E99E1EAE880B005E12D5 /* LaunchScreen.storyboard */ = {
			isa = PBXVariantGroup;
			children = (
				3F54E99F1EAE880B005E12D5 /* Base */,
			);
			name = LaunchScreen.storyboard;
			sourceTree = "<group>";
		};
/* End PBXVariantGroup section */

/* Begin XCBuildConfiguration section */
		3F54E9B81EAE880B005E12D5 /* Debug */ = {
			isa = XCBuildConfiguration;
			buildSettings = {
				ALWAYS_SEARCH_USER_PATHS = NO;
				CLANG_ANALYZER_NONNULL = YES;
				CLANG_ANALYZER_NUMBER_OBJECT_CONVERSION = YES_AGGRESSIVE;
				CLANG_CXX_LANGUAGE_STANDARD = "gnu++0x";
				CLANG_CXX_LIBRARY = "libc++";
				CLANG_ENABLE_MODULES = YES;
				CLANG_ENABLE_OBJC_ARC = YES;
				CLANG_WARN_BOOL_CONVERSION = YES;
				CLANG_WARN_CONSTANT_CONVERSION = YES;
				CLANG_WARN_DIRECT_OBJC_ISA_USAGE = YES_ERROR;
				CLANG_WARN_DOCUMENTATION_COMMENTS = YES;
				CLANG_WARN_EMPTY_BODY = YES;
				CLANG_WARN_ENUM_CONVERSION = YES;
				CLANG_WARN_INFINITE_RECURSION = YES;
				CLANG_WARN_INT_CONVERSION = YES;
				CLANG_WARN_OBJC_ROOT_CLASS = YES_ERROR;
				CLANG_WARN_SUSPICIOUS_MOVE = YES;
				CLANG_WARN_UNREACHABLE_CODE = YES;
				CLANG_WARN__DUPLICATE_METHOD_MATCH = YES;
				"CODE_SIGN_IDENTITY[sdk=iphoneos*]" = "iPhone Developer";
				COPY_PHASE_STRIP = NO;
				DEBUG_INFORMATION_FORMAT = dwarf;
				ENABLE_STRICT_OBJC_MSGSEND = YES;
				ENABLE_TESTABILITY = YES;
				GCC_C_LANGUAGE_STANDARD = gnu99;
				GCC_DYNAMIC_NO_PIC = NO;
				GCC_NO_COMMON_BLOCKS = YES;
				GCC_OPTIMIZATION_LEVEL = 0;
				GCC_PREPROCESSOR_DEFINITIONS = (
					"DEBUG=1",
					"$(inherited)",
				);
				GCC_WARN_64_TO_32_BIT_CONVERSION = YES;
				GCC_WARN_ABOUT_RETURN_TYPE = YES_ERROR;
				GCC_WARN_UNDECLARED_SELECTOR = YES;
				GCC_WARN_UNINITIALIZED_AUTOS = YES_AGGRESSIVE;
				GCC_WARN_UNUSED_FUNCTION = YES;
				GCC_WARN_UNUSED_VARIABLE = YES;
				IPHONEOS_DEPLOYMENT_TARGET = 10.3;
				MTL_ENABLE_DEBUG_INFO = YES;
				ONLY_ACTIVE_ARCH = YES;
				SDKROOT = iphoneos;
				SWIFT_ACTIVE_COMPILATION_CONDITIONS = DEBUG;
				SWIFT_OPTIMIZATION_LEVEL = "-Onone";
				TARGETED_DEVICE_FAMILY = "1,2";
			};
			name = Debug;
		};
		3F54E9B91EAE880B005E12D5 /* Release */ = {
			isa = XCBuildConfiguration;
			buildSettings = {
				ALWAYS_SEARCH_USER_PATHS = NO;
				CLANG_ANALYZER_NONNULL = YES;
				CLANG_ANALYZER_NUMBER_OBJECT_CONVERSION = YES_AGGRESSIVE;
				CLANG_CXX_LANGUAGE_STANDARD = "gnu++0x";
				CLANG_CXX_LIBRARY = "libc++";
				CLANG_ENABLE_MODULES = YES;
				CLANG_ENABLE_OBJC_ARC = YES;
				CLANG_WARN_BOOL_CONVERSION = YES;
				CLANG_WARN_CONSTANT_CONVERSION = YES;
				CLANG_WARN_DIRECT_OBJC_ISA_USAGE = YES_ERROR;
				CLANG_WARN_DOCUMENTATION_COMMENTS = YES;
				CLANG_WARN_EMPTY_BODY = YES;
				CLANG_WARN_ENUM_CONVERSION = YES;
				CLANG_WARN_INFINITE_RECURSION = YES;
				CLANG_WARN_INT_CONVERSION = YES;
				CLANG_WARN_OBJC_ROOT_CLASS = YES_ERROR;
				CLANG_WARN_SUSPICIOUS_MOVE = YES;
				CLANG_WARN_UNREACHABLE_CODE = YES;
				CLANG_WARN__DUPLICATE_METHOD_MATCH = YES;
				"CODE_SIGN_IDENTITY[sdk=iphoneos*]" = "iPhone Developer";
				COPY_PHASE_STRIP = NO;
				DEBUG_INFORMATION_FORMAT = "dwarf-with-dsym";
				ENABLE_NS_ASSERTIONS = NO;
				ENABLE_STRICT_OBJC_MSGSEND = YES;
				GCC_C_LANGUAGE_STANDARD = gnu99;
				GCC_NO_COMMON_BLOCKS = YES;
				GCC_WARN_64_TO_32_BIT_CONVERSION = YES;
				GCC_WARN_ABOUT_RETURN_TYPE = YES_ERROR;
				GCC_WARN_UNDECLARED_SELECTOR = YES;
				GCC_WARN_UNINITIALIZED_AUTOS = YES_AGGRESSIVE;
				GCC_WARN_UNUSED_FUNCTION = YES;
				GCC_WARN_UNUSED_VARIABLE = YES;
				IPHONEOS_DEPLOYMENT_TARGET = 10.3;
				MTL_ENABLE_DEBUG_INFO = NO;
				SDKROOT = iphoneos;
				SWIFT_OPTIMIZATION_LEVEL = "-Owholemodule";
				TARGETED_DEVICE_FAMILY = "1,2";
				VALIDATE_PRODUCT = YES;
			};
			name = Release;
		};
		3F54E9BB1EAE880B005E12D5 /* Debug */ = {
			isa = XCBuildConfiguration;
			buildSettings = {
				ASSETCATALOG_COMPILER_APPICON_NAME = AppIcon;
				INFOPLIST_FILE = "Hello World/Info.plist";
				LD_RUNPATH_SEARCH_PATHS = "$(inherited) @executable_path/Frameworks";
				PRODUCT_BUNDLE_IDENTIFIER = "pride.Hello-World";
				PRODUCT_NAME = "$(TARGET_NAME)";
				SWIFT_VERSION = 3.0;
			};
			name = Debug;
		};
		3F54E9BC1EAE880B005E12D5 /* Release */ = {
			isa = XCBuildConfiguration;
			buildSettings = {
				ASSETCATALOG_COMPILER_APPICON_NAME = AppIcon;
				INFOPLIST_FILE = "Hello World/Info.plist";
				LD_RUNPATH_SEARCH_PATHS = "$(inherited) @executable_path/Frameworks";
				PRODUCT_BUNDLE_IDENTIFIER = "pride.Hello-World";
				PRODUCT_NAME = "$(TARGET_NAME)";
				SWIFT_VERSION = 3.0;
			};
			name = Release;
		};
		3F54E9BE1EAE880B005E12D5 /* Debug */ = {
			isa = XCBuildConfiguration;
			buildSettings = {
				ALWAYS_EMBED_SWIFT_STANDARD_LIBRARIES = YES;
				BUNDLE_LOADER = "$(TEST_HOST)";
				INFOPLIST_FILE = "Hello WorldTests/Info.plist";
				LD_RUNPATH_SEARCH_PATHS = "$(inherited) @executable_path/Frameworks @loader_path/Frameworks";
				PRODUCT_BUNDLE_IDENTIFIER = "pride.Hello-WorldTests";
				PRODUCT_NAME = "$(TARGET_NAME)";
				SWIFT_VERSION = 3.0;
				TEST_HOST = "$(BUILT_PRODUCTS_DIR)/Hello World.app/Hello World";
			};
			name = Debug;
		};
		3F54E9BF1EAE880B005E12D5 /* Release */ = {
			isa = XCBuildConfiguration;
			buildSettings = {
				ALWAYS_EMBED_SWIFT_STANDARD_LIBRARIES = YES;
				BUNDLE_LOADER = "$(TEST_HOST)";
				INFOPLIST_FILE = "Hello WorldTests/Info.plist";
				LD_RUNPATH_SEARCH_PATHS = "$(inherited) @executable_path/Frameworks @loader_path/Frameworks";
				PRODUCT_BUNDLE_IDENTIFIER = "pride.Hello-WorldTests";
				PRODUCT_NAME = "$(TARGET_NAME)";
				SWIFT_VERSION = 3.0;
				TEST_HOST = "$(BUILT_PRODUCTS_DIR)/Hello World.app/Hello World";
			};
			name = Release;
		};
		3F54E9C11EAE880B005E12D5 /* Debug */ = {
			isa = XCBuildConfiguration;
			buildSettings = {
				ALWAYS_EMBED_SWIFT_STANDARD_LIBRARIES = YES;
				INFOPLIST_FILE = "Hello WorldUITests/Info.plist";
				LD_RUNPATH_SEARCH_PATHS = "$(inherited) @executable_path/Frameworks @loader_path/Frameworks";
				PRODUCT_BUNDLE_IDENTIFIER = "pride.Hello-WorldUITests";
				PRODUCT_NAME = "$(TARGET_NAME)";
				SWIFT_VERSION = 3.0;
				TEST_TARGET_NAME = "Hello World";
			};
			name = Debug;
		};
		3F54E9C21EAE880B005E12D5 /* Release */ = {
			isa = XCBuildConfiguration;
			buildSettings = {
				ALWAYS_EMBED_SWIFT_STANDARD_LIBRARIES = YES;
				INFOPLIST_FILE = "Hello WorldUITests/Info.plist";
				LD_RUNPATH_SEARCH_PATHS = "$(inherited) @executable_path/Frameworks @loader_path/Frameworks";
				PRODUCT_BUNDLE_IDENTIFIER = "pride.Hello-WorldUITests";
				PRODUCT_NAME = "$(TARGET_NAME)";
				SWIFT_VERSION = 3.0;
				TEST_TARGET_NAME = "Hello World";
			};
			name = Release;
		};
/* End XCBuildConfiguration section */

/* Begin XCConfigurationList section */
		3F54E98D1EAE880B005E12D5 /* Build configuration list for PBXProject "Hello World" */ = {
			isa = XCConfigurationList;
			buildConfigurations = (
				3F54E9B81EAE880B005E12D5 /* Debug */,
				3F54E9B91EAE880B005E12D5 /* Release */,
			);
			defaultConfigurationIsVisible = 0;
			defaultConfigurationName = Release;
		};
		3F54E9BA1EAE880B005E12D5 /* Build configuration list for PBXNativeTarget "Hello World" */ = {
			isa = XCConfigurationList;
			buildConfigurations = (
				3F54E9BB1EAE880B005E12D5 /* Debug */,
				3F54E9BC1EAE880B005E12D5 /* Release */,
			);
			defaultConfigurationIsVisible = 0;
			defaultConfigurationName = Release;
		};
		3F54E9BD1EAE880B005E12D5 /* Build configuration list for PBXNativeTarget "Hello WorldTests" */ = {
			isa = XCConfigurationList;
			buildConfigurations = (
				3F54E9BE1EAE880B005E12D5 /* Debug */,
				3F54E9BF1EAE880B005E12D5 /* Release */,
			);
			defaultConfigurationIsVisible = 0;
			defaultConfigurationName = Release;
		};
		3F54E9C01EAE880B005E12D5 /* Build configuration list for PBXNativeTarget "Hello WorldUITests" */ = {
			isa = XCConfigurationList;
			buildConfigurations = (
				3F54E9C11EAE880B005E12D5 /* Debug */,
				3F54E9C21EAE880B005E12D5 /* Release */,
			);
			defaultConfigurationIsVisible = 0;
			defaultConfigurationName = Release;
		};
/* End XCConfigurationList section */
	};
	rootObject = 3F54E98A1EAE880B005E12D5 /* Project object */;
}
